
Microsoft Visual Studio Solution File, Format Version 12.00
# Visual Studio Version 16
VisualStudioVersion = 16.0.28729.10
MinimumVisualStudioVersion = 10.0.40219.1
Project("{FAE04EC0-301F-11D3-BF4B-00C04F79EFBC}") = "HW_CHECKERV1", "HW_CHECKERV1.csproj", "{82903DB5-4115-4049-A730-ED6392305F2F}"
EndProject
Global
	GlobalSection(SolutionConfigurationPlatforms) = preSolution
		Debug|Any CPU = Debug|Any CPU
		Release|Any CPU = Release|Any CPU
	EndGlobalSection
	GlobalSection(ProjectConfigurationPlatforms) = postSolution
		{82903DB5-4115-4049-A730-ED6392305F2F}.Debug|Any CPU.ActiveCfg = Debug|Any CPU
		{82903DB5-4115-4049-A730-ED6392305F2F}.Debug|Any CPU.Build.0 = Debug|Any CPU
		{82903DB5-4115-4049-A730-ED6392305F2F}.Release|Any CPU.ActiveCfg = Release|Any CPU
		{82903DB5-4115-4049-A730-ED6392305F2F}.Release|Any CPU.Build.0 = Release|Any CPU
	EndGlobalSection
	GlobalSection(SolutionProperties) = preSolution
		HideSolutionNode = FALSE
	EndGlobalSection
	GlobalSection(ExtensibilityGlobals) = postSolution
		SolutionGuid = {156F9B8D-3219-4FFC-AB9D-860CDD89C46E}
	EndGlobalSection
EndGlobal
